// !$*UTF8*$!
{
	archiveVersion = 1;
	classes = {
	};
	objectVersion = 46;
	objects = {

/* Begin PBXBuildFile section */
		4A03965F1A2442EC00E146AE /* EmailTVC.m in Sources */ = {isa = PBXBuildFile; fileRef = 4A03965E1A2442EC00E146AE /* EmailTVC.m */; };
		4A0A803F1A1C0C7E001C82B6 /* main.m in Sources */ = {isa = PBXBuildFile; fileRef = 4A0A803E1A1C0C7E001C82B6 /* main.m */; };
		4A0A80421A1C0C7E001C82B6 /* AppDelegate.m in Sources */ = {isa = PBXBuildFile; fileRef = 4A0A80411A1C0C7E001C82B6 /* AppDelegate.m */; };
		4A0A80451A1C0C7E001C82B6 /* FirstViewController.m in Sources */ = {isa = PBXBuildFile; fileRef = 4A0A80441A1C0C7E001C82B6 /* FirstViewController.m */; };
		4A0A80481A1C0C7E001C82B6 /* SecondViewController.m in Sources */ = {isa = PBXBuildFile; fileRef = 4A0A80471A1C0C7E001C82B6 /* SecondViewController.m */; };
		4A0A804B1A1C0C7E001C82B6 /* Main.storyboard in Resources */ = {isa = PBXBuildFile; fileRef = 4A0A80491A1C0C7E001C82B6 /* Main.storyboard */; };
		4A0A80501A1C0C7F001C82B6 /* LaunchScreen.xib in Resources */ = {isa = PBXBuildFile; fileRef = 4A0A804E1A1C0C7F001C82B6 /* LaunchScreen.xib */; };
		4A0A805C1A1C0C7F001C82B6 /* OlaTests.m in Sources */ = {isa = PBXBuildFile; fileRef = 4A0A805B1A1C0C7F001C82B6 /* OlaTests.m */; };
		4A294DD31A22A8AE00CDBAFB /* FoodItem.m in Sources */ = {isa = PBXBuildFile; fileRef = 4A294DD21A22A8AE00CDBAFB /* FoodItem.m */; };
		4A44325F1A1C54DD00D8B70B /* StaticDataTableViewController.m in Sources */ = {isa = PBXBuildFile; fileRef = 4A44325E1A1C54DD00D8B70B /* StaticDataTableViewController.m */; };
		4A59969E1A23F67F0086FD35 /* CustomIOS7AlertView.m in Sources */ = {isa = PBXBuildFile; fileRef = 4A59969D1A23F67F0086FD35 /* CustomIOS7AlertView.m */; };
		4A881F951A2A992B0021D691 /* OlaTBC.m in Sources */ = {isa = PBXBuildFile; fileRef = 4A881F941A2A992B0021D691 /* OlaTBC.m */; };
		4A881F9B1A2A9E020021D691 /* EmergencyVC.m in Sources */ = {isa = PBXBuildFile; fileRef = 4A881F9A1A2A9E020021D691 /* EmergencyVC.m */; };
		4A8EEC8F1A2574A200D7325E /* InsulinInjectionVC.m in Sources */ = {isa = PBXBuildFile; fileRef = 4A8EEC8E1A2574A200D7325E /* InsulinInjectionVC.m */; };
		4AAD98F31A1DB834006D7939 /* EmailUIVC.m in Sources */ = {isa = PBXBuildFile; fileRef = 4AAD98F21A1DB834006D7939 /* EmailUIVC.m */; };
		4AAD98F61A1DBCB4006D7939 /* DocEmailUIVC.m in Sources */ = {isa = PBXBuildFile; fileRef = 4AAD98F51A1DBCB4006D7939 /* DocEmailUIVC.m */; };
		4ABB40D71A1C313400512179 /* DoctorCommTVC.m in Sources */ = {isa = PBXBuildFile; fileRef = 4ABB40D61A1C313400512179 /* DoctorCommTVC.m */; };
		4AC8B4D21A2455C20064398E /* Images.xcassets in Resources */ = {isa = PBXBuildFile; fileRef = 4AC8B4D11A2455C20064398E /* Images.xcassets */; };
		4AD222601A266C48008AEB36 /* notes.m in Sources */ = {isa = PBXBuildFile; fileRef = 4AD2225F1A266C48008AEB36 /* notes.m */; };
		4AD222631A26ABA4008AEB36 /* HomeScreenVC.m in Sources */ = {isa = PBXBuildFile; fileRef = 4AD222621A26ABA4008AEB36 /* HomeScreenVC.m */; };
		4ADB01E71A1FCE1600E55520 /* FoodItemsTVC.m in Sources */ = {isa = PBXBuildFile; fileRef = 4ADB01E61A1FCE1600E55520 /* FoodItemsTVC.m */; };
		4AFF336A1A1F2A260024704A /* DocEmail2UIVC.m in Sources */ = {isa = PBXBuildFile; fileRef = 4AFF33691A1F2A260024704A /* DocEmail2UIVC.m */; };
		4AFF336D1A1F2A410024704A /* DocEmail3UIVC.m in Sources */ = {isa = PBXBuildFile; fileRef = 4AFF336C1A1F2A410024704A /* DocEmail3UIVC.m */; };
/* End PBXBuildFile section */

/* Begin PBXContainerItemProxy section */
		4A0A80561A1C0C7F001C82B6 /* PBXContainerItemProxy */ = {
			isa = PBXContainerItemProxy;
			containerPortal = 4A0A80311A1C0C7E001C82B6 /* Project object */;
			proxyType = 1;
			remoteGlobalIDString = 4A0A80381A1C0C7E001C82B6;
			remoteInfo = Ola;
		};
/* End PBXContainerItemProxy section */

/* Begin PBXFileReference section */
		4A03965D1A2442EC00E146AE /* EmailTVC.h */ = {isa = PBXFileReference; fileEncoding = 4; lastKnownFileType = sourcecode.c.h; path = EmailTVC.h; sourceTree = "<group>"; };
		4A03965E1A2442EC00E146AE /* EmailTVC.m */ = {isa = PBXFileReference; fileEncoding = 4; lastKnownFileType = sourcecode.c.objc; path = EmailTVC.m; sourceTree = "<group>"; };
		4A0A80391A1C0C7E001C82B6 /* Ola.app */ = {isa = PBXFileReference; explicitFileType = wrapper.application; includeInIndex = 0; path = Ola.app; sourceTree = BUILT_PRODUCTS_DIR; };
		4A0A803D1A1C0C7E001C82B6 /* Info.plist */ = {isa = PBXFileReference; lastKnownFileType = text.plist.xml; path = Info.plist; sourceTree = "<group>"; };
		4A0A803E1A1C0C7E001C82B6 /* main.m */ = {isa = PBXFileReference; lastKnownFileType = sourcecode.c.objc; path = main.m; sourceTree = "<group>"; };
		4A0A80401A1C0C7E001C82B6 /* AppDelegate.h */ = {isa = PBXFileReference; lastKnownFileType = sourcecode.c.h; path = AppDelegate.h; sourceTree = "<group>"; };
		4A0A80411A1C0C7E001C82B6 /* AppDelegate.m */ = {isa = PBXFileReference; lastKnownFileType = sourcecode.c.objc; path = AppDelegate.m; sourceTree = "<group>"; };
		4A0A80431A1C0C7E001C82B6 /* FirstViewController.h */ = {isa = PBXFileReference; lastKnownFileType = sourcecode.c.h; path = FirstViewController.h; sourceTree = "<group>"; };
		4A0A80441A1C0C7E001C82B6 /* FirstViewController.m */ = {isa = PBXFileReference; lastKnownFileType = sourcecode.c.objc; path = FirstViewController.m; sourceTree = "<group>"; };
		4A0A80461A1C0C7E001C82B6 /* SecondViewController.h */ = {isa = PBXFileReference; lastKnownFileType = sourcecode.c.h; path = SecondViewController.h; sourceTree = "<group>"; };
		4A0A80471A1C0C7E001C82B6 /* SecondViewController.m */ = {isa = PBXFileReference; lastKnownFileType = sourcecode.c.objc; path = SecondViewController.m; sourceTree = "<group>"; };
		4A0A804A1A1C0C7E001C82B6 /* Base */ = {isa = PBXFileReference; lastKnownFileType = file.storyboard; name = Base; path = Base.lproj/Main.storyboard; sourceTree = "<group>"; };
		4A0A804F1A1C0C7F001C82B6 /* Base */ = {isa = PBXFileReference; lastKnownFileType = file.xib; name = Base; path = Base.lproj/LaunchScreen.xib; sourceTree = "<group>"; };
		4A0A80551A1C0C7F001C82B6 /* OlaTests.xctest */ = {isa = PBXFileReference; explicitFileType = wrapper.cfbundle; includeInIndex = 0; path = OlaTests.xctest; sourceTree = BUILT_PRODUCTS_DIR; };
		4A0A805A1A1C0C7F001C82B6 /* Info.plist */ = {isa = PBXFileReference; lastKnownFileType = text.plist.xml; path = Info.plist; sourceTree = "<group>"; };
		4A0A805B1A1C0C7F001C82B6 /* OlaTests.m */ = {isa = PBXFileReference; lastKnownFileType = sourcecode.c.objc; path = OlaTests.m; sourceTree = "<group>"; };
		4A294DD11A22A8AE00CDBAFB /* FoodItem.h */ = {isa = PBXFileReference; fileEncoding = 4; lastKnownFileType = sourcecode.c.h; path = FoodItem.h; sourceTree = "<group>"; };
		4A294DD21A22A8AE00CDBAFB /* FoodItem.m */ = {isa = PBXFileReference; fileEncoding = 4; lastKnownFileType = sourcecode.c.objc; path = FoodItem.m; sourceTree = "<group>"; };
		4A44325D1A1C54DD00D8B70B /* StaticDataTableViewController.h */ = {isa = PBXFileReference; fileEncoding = 4; lastKnownFileType = sourcecode.c.h; path = StaticDataTableViewController.h; sourceTree = "<group>"; };
		4A44325E1A1C54DD00D8B70B /* StaticDataTableViewController.m */ = {isa = PBXFileReference; fileEncoding = 4; lastKnownFileType = sourcecode.c.objc; path = StaticDataTableViewController.m; sourceTree = "<group>"; };
		4A59969C1A23F67F0086FD35 /* CustomIOS7AlertView.h */ = {isa = PBXFileReference; fileEncoding = 4; lastKnownFileType = sourcecode.c.h; path = CustomIOS7AlertView.h; sourceTree = "<group>"; };
		4A59969D1A23F67F0086FD35 /* CustomIOS7AlertView.m */ = {isa = PBXFileReference; fileEncoding = 4; lastKnownFileType = sourcecode.c.objc; path = CustomIOS7AlertView.m; sourceTree = "<group>"; };
		4A881F931A2A992B0021D691 /* OlaTBC.h */ = {isa = PBXFileReference; fileEncoding = 4; lastKnownFileType = sourcecode.c.h; path = OlaTBC.h; sourceTree = "<group>"; };
		4A881F941A2A992B0021D691 /* OlaTBC.m */ = {isa = PBXFileReference; fileEncoding = 4; lastKnownFileType = sourcecode.c.objc; path = OlaTBC.m; sourceTree = "<group>"; };
		4A881F991A2A9E020021D691 /* EmergencyVC.h */ = {isa = PBXFileReference; fileEncoding = 4; lastKnownFileType = sourcecode.c.h; path = EmergencyVC.h; sourceTree = "<group>"; };
		4A881F9A1A2A9E020021D691 /* EmergencyVC.m */ = {isa = PBXFileReference; fileEncoding = 4; lastKnownFileType = sourcecode.c.objc; path = EmergencyVC.m; sourceTree = "<group>"; };
		4A8EEC8D1A2574A200D7325E /* InsulinInjectionVC.h */ = {isa = PBXFileReference; fileEncoding = 4; lastKnownFileType = sourcecode.c.h; path = InsulinInjectionVC.h; sourceTree = "<group>"; };
		4A8EEC8E1A2574A200D7325E /* InsulinInjectionVC.m */ = {isa = PBXFileReference; fileEncoding = 4; lastKnownFileType = sourcecode.c.objc; path = InsulinInjectionVC.m; sourceTree = "<group>"; };
		4AAD98F11A1DB834006D7939 /* EmailUIVC.h */ = {isa = PBXFileReference; fileEncoding = 4; lastKnownFileType = sourcecode.c.h; path = EmailUIVC.h; sourceTree = "<group>"; };
		4AAD98F21A1DB834006D7939 /* EmailUIVC.m */ = {isa = PBXFileReference; fileEncoding = 4; lastKnownFileType = sourcecode.c.objc; path = EmailUIVC.m; sourceTree = "<group>"; };
		4AAD98F41A1DBCB4006D7939 /* DocEmailUIVC.h */ = {isa = PBXFileReference; fileEncoding = 4; lastKnownFileType = sourcecode.c.h; path = DocEmailUIVC.h; sourceTree = "<group>"; };
		4AAD98F51A1DBCB4006D7939 /* DocEmailUIVC.m */ = {isa = PBXFileReference; fileEncoding = 4; lastKnownFileType = sourcecode.c.objc; path = DocEmailUIVC.m; sourceTree = "<group>"; };
		4ABB40D51A1C313400512179 /* DoctorCommTVC.h */ = {isa = PBXFileReference; fileEncoding = 4; lastKnownFileType = sourcecode.c.h; path = DoctorCommTVC.h; sourceTree = "<group>"; };
		4ABB40D61A1C313400512179 /* DoctorCommTVC.m */ = {isa = PBXFileReference; fileEncoding = 4; lastKnownFileType = sourcecode.c.objc; path = DoctorCommTVC.m; sourceTree = "<group>"; };
		4AC8B4D11A2455C20064398E /* Images.xcassets */ = {isa = PBXFileReference; lastKnownFileType = folder.assetcatalog; path = Images.xcassets; sourceTree = "<group>"; };
		4AD2225F1A266C48008AEB36 /* notes.m */ = {isa = PBXFileReference; fileEncoding = 4; lastKnownFileType = sourcecode.c.objc; path = notes.m; sourceTree = "<group>"; };
		4AD222611A26ABA4008AEB36 /* HomeScreenVC.h */ = {isa = PBXFileReference; fileEncoding = 4; lastKnownFileType = sourcecode.c.h; path = HomeScreenVC.h; sourceTree = "<group>"; };
		4AD222621A26ABA4008AEB36 /* HomeScreenVC.m */ = {isa = PBXFileReference; fileEncoding = 4; lastKnownFileType = sourcecode.c.objc; path = HomeScreenVC.m; sourceTree = "<group>"; };
		4ADB01E51A1FCE1600E55520 /* FoodItemsTVC.h */ = {isa = PBXFileReference; fileEncoding = 4; lastKnownFileType = sourcecode.c.h; path = FoodItemsTVC.h; sourceTree = "<group>"; };
		4ADB01E61A1FCE1600E55520 /* FoodItemsTVC.m */ = {isa = PBXFileReference; fileEncoding = 4; lastKnownFileType = sourcecode.c.objc; path = FoodItemsTVC.m; sourceTree = "<group>"; };
		4AFF33681A1F2A260024704A /* DocEmail2UIVC.h */ = {isa = PBXFileReference; fileEncoding = 4; lastKnownFileType = sourcecode.c.h; path = DocEmail2UIVC.h; sourceTree = "<group>"; };
		4AFF33691A1F2A260024704A /* DocEmail2UIVC.m */ = {isa = PBXFileReference; fileEncoding = 4; lastKnownFileType = sourcecode.c.objc; path = DocEmail2UIVC.m; sourceTree = "<group>"; };
		4AFF336B1A1F2A410024704A /* DocEmail3UIVC.h */ = {isa = PBXFileReference; fileEncoding = 4; lastKnownFileType = sourcecode.c.h; path = DocEmail3UIVC.h; sourceTree = "<group>"; };
		4AFF336C1A1F2A410024704A /* DocEmail3UIVC.m */ = {isa = PBXFileReference; fileEncoding = 4; lastKnownFileType = sourcecode.c.objc; path = DocEmail3UIVC.m; sourceTree = "<group>"; };
/* End PBXFileReference section */

/* Begin PBXFrameworksBuildPhase section */
		4A0A80361A1C0C7E001C82B6 /* Frameworks */ = {
			isa = PBXFrameworksBuildPhase;
			buildActionMask = 2147483647;
			files = (
			);
			runOnlyForDeploymentPostprocessing = 0;
		};
		4A0A80521A1C0C7F001C82B6 /* Frameworks */ = {
			isa = PBXFrameworksBuildPhase;
			buildActionMask = 2147483647;
			files = (
			);
			runOnlyForDeploymentPostprocessing = 0;
		};
/* End PBXFrameworksBuildPhase section */

/* Begin PBXGroup section */
		4A0A80301A1C0C7E001C82B6 = {
			isa = PBXGroup;
			children = (
				4A0A803B1A1C0C7E001C82B6 /* Ola */,
				4A0A80581A1C0C7F001C82B6 /* OlaTests */,
				4A0A803A1A1C0C7E001C82B6 /* Products */,
			);
			sourceTree = "<group>";
		};
		4A0A803A1A1C0C7E001C82B6 /* Products */ = {
			isa = PBXGroup;
			children = (
				4A0A80391A1C0C7E001C82B6 /* Ola.app */,
				4A0A80551A1C0C7F001C82B6 /* OlaTests.xctest */,
			);
			name = Products;
			sourceTree = "<group>";
		};
		4A0A803B1A1C0C7E001C82B6 /* Ola */ = {
			isa = PBXGroup;
			children = (
				4A294DD11A22A8AE00CDBAFB /* FoodItem.h */,
				4A294DD21A22A8AE00CDBAFB /* FoodItem.m */,
				4A0A80401A1C0C7E001C82B6 /* AppDelegate.h */,
				4A59969C1A23F67F0086FD35 /* CustomIOS7AlertView.h */,
				4A59969D1A23F67F0086FD35 /* CustomIOS7AlertView.m */,
				4A0A80411A1C0C7E001C82B6 /* AppDelegate.m */,
				4A0A80431A1C0C7E001C82B6 /* FirstViewController.h */,
				4A0A80441A1C0C7E001C82B6 /* FirstViewController.m */,
				4A0A80461A1C0C7E001C82B6 /* SecondViewController.h */,
				4A0A80471A1C0C7E001C82B6 /* SecondViewController.m */,
				4A8EEC8D1A2574A200D7325E /* InsulinInjectionVC.h */,
				4A8EEC8E1A2574A200D7325E /* InsulinInjectionVC.m */,
				4AD2225F1A266C48008AEB36 /* notes.m */,
				4A881F991A2A9E020021D691 /* EmergencyVC.h */,
				4A881F9A1A2A9E020021D691 /* EmergencyVC.m */,
				4A0A80491A1C0C7E001C82B6 /* Main.storyboard */,
				4A881F931A2A992B0021D691 /* OlaTBC.h */,
				4A881F941A2A992B0021D691 /* OlaTBC.m */,
				4AD222611A26ABA4008AEB36 /* HomeScreenVC.h */,
				4AD222621A26ABA4008AEB36 /* HomeScreenVC.m */,
				4ADB01E51A1FCE1600E55520 /* FoodItemsTVC.h */,
				4ADB01E61A1FCE1600E55520 /* FoodItemsTVC.m */,
				4AFF336B1A1F2A410024704A /* DocEmail3UIVC.h */,
				4AFF336C1A1F2A410024704A /* DocEmail3UIVC.m */,
				4AFF33681A1F2A260024704A /* DocEmail2UIVC.h */,
				4AFF33691A1F2A260024704A /* DocEmail2UIVC.m */,
				4AAD98F41A1DBCB4006D7939 /* DocEmailUIVC.h */,
				4AAD98F51A1DBCB4006D7939 /* DocEmailUIVC.m */,
				4A03965D1A2442EC00E146AE /* EmailTVC.h */,
				4A03965E1A2442EC00E146AE /* EmailTVC.m */,
				4AAD98F11A1DB834006D7939 /* EmailUIVC.h */,
				4AC8B4D11A2455C20064398E /* Images.xcassets */,
				4AAD98F21A1DB834006D7939 /* EmailUIVC.m */,
				4A44325D1A1C54DD00D8B70B /* StaticDataTableViewController.h */,
				4A44325E1A1C54DD00D8B70B /* StaticDataTableViewController.m */,
				4ABB40D51A1C313400512179 /* DoctorCommTVC.h */,
				4ABB40D61A1C313400512179 /* DoctorCommTVC.m */,
				4A0A804E1A1C0C7F001C82B6 /* LaunchScreen.xib */,
				4A0A803C1A1C0C7E001C82B6 /* Supporting Files */,
			);
			path = Ola;
			sourceTree = "<group>";
		};
		4A0A803C1A1C0C7E001C82B6 /* Supporting Files */ = {
			isa = PBXGroup;
			children = (
				4A0A803D1A1C0C7E001C82B6 /* Info.plist */,
				4A0A803E1A1C0C7E001C82B6 /* main.m */,
			);
			name = "Supporting Files";
			sourceTree = "<group>";
		};
		4A0A80581A1C0C7F001C82B6 /* OlaTests */ = {
			isa = PBXGroup;
			children = (
				4A0A805B1A1C0C7F001C82B6 /* OlaTests.m */,
				4A0A80591A1C0C7F001C82B6 /* Supporting Files */,
			);
			path = OlaTests;
			sourceTree = "<group>";
		};
		4A0A80591A1C0C7F001C82B6 /* Supporting Files */ = {
			isa = PBXGroup;
			children = (
				4A0A805A1A1C0C7F001C82B6 /* Info.plist */,
			);
			name = "Supporting Files";
			sourceTree = "<group>";
		};
/* End PBXGroup section */

/* Begin PBXNativeTarget section */
		4A0A80381A1C0C7E001C82B6 /* Ola */ = {
			isa = PBXNativeTarget;
			buildConfigurationList = 4A0A805F1A1C0C7F001C82B6 /* Build configuration list for PBXNativeTarget "Ola" */;
			buildPhases = (
				4A0A80351A1C0C7E001C82B6 /* Sources */,
				4A0A80361A1C0C7E001C82B6 /* Frameworks */,
				4A0A80371A1C0C7E001C82B6 /* Resources */,
			);
			buildRules = (
			);
			dependencies = (
			);
			name = Ola;
			productName = Ola;
			productReference = 4A0A80391A1C0C7E001C82B6 /* Ola.app */;
			productType = "com.apple.product-type.application";
		};
		4A0A80541A1C0C7F001C82B6 /* OlaTests */ = {
			isa = PBXNativeTarget;
			buildConfigurationList = 4A0A80621A1C0C7F001C82B6 /* Build configuration list for PBXNativeTarget "OlaTests" */;
			buildPhases = (
				4A0A80511A1C0C7F001C82B6 /* Sources */,
				4A0A80521A1C0C7F001C82B6 /* Frameworks */,
				4A0A80531A1C0C7F001C82B6 /* Resources */,
			);
			buildRules = (
			);
			dependencies = (
				4A0A80571A1C0C7F001C82B6 /* PBXTargetDependency */,
			);
			name = OlaTests;
			productName = OlaTests;
			productReference = 4A0A80551A1C0C7F001C82B6 /* OlaTests.xctest */;
			productType = "com.apple.product-type.bundle.unit-test";
		};
/* End PBXNativeTarget section */

/* Begin PBXProject section */
		4A0A80311A1C0C7E001C82B6 /* Project object */ = {
			isa = PBXProject;
			attributes = {
				LastUpgradeCheck = 0610;
				ORGANIZATIONNAME = cs147;
				TargetAttributes = {
					4A0A80381A1C0C7E001C82B6 = {
						CreatedOnToolsVersion = 6.1;
						DevelopmentTeam = 8YJ2342CPM;
					};
					4A0A80541A1C0C7F001C82B6 = {
						CreatedOnToolsVersion = 6.1;
						TestTargetID = 4A0A80381A1C0C7E001C82B6;
					};
				};
			};
			buildConfigurationList = 4A0A80341A1C0C7E001C82B6 /* Build configuration list for PBXProject "Ola" */;
			compatibilityVersion = "Xcode 3.2";
			developmentRegion = English;
			hasScannedForEncodings = 0;
			knownRegions = (
				en,
				Base,
			);
			mainGroup = 4A0A80301A1C0C7E001C82B6;
			productRefGroup = 4A0A803A1A1C0C7E001C82B6 /* Products */;
			projectDirPath = "";
			projectRoot = "";
			targets = (
				4A0A80381A1C0C7E001C82B6 /* Ola */,
				4A0A80541A1C0C7F001C82B6 /* OlaTests */,
			);
		};
/* End PBXProject section */

/* Begin PBXResourcesBuildPhase section */
		4A0A80371A1C0C7E001C82B6 /* Resources */ = {
			isa = PBXResourcesBuildPhase;
			buildActionMask = 2147483647;
			files = (
				4AC8B4D21A2455C20064398E /* Images.xcassets in Resources */,
				4A0A804B1A1C0C7E001C82B6 /* Main.storyboard in Resources */,
				4A0A80501A1C0C7F001C82B6 /* LaunchScreen.xib in Resources */,
			);
			runOnlyForDeploymentPostprocessing = 0;
		};
		4A0A80531A1C0C7F001C82B6 /* Resources */ = {
			isa = PBXResourcesBuildPhase;
			buildActionMask = 2147483647;
			files = (
			);
			runOnlyForDeploymentPostprocessing = 0;
		};
/* End PBXResourcesBuildPhase section */

/* Begin PBXSourcesBuildPhase section */
		4A0A80351A1C0C7E001C82B6 /* Sources */ = {
			isa = PBXSourcesBuildPhase;
			buildActionMask = 2147483647;
			files = (
				4A59969E1A23F67F0086FD35 /* CustomIOS7AlertView.m in Sources */,
				4A881F9B1A2A9E020021D691 /* EmergencyVC.m in Sources */,
				4A0A80481A1C0C7E001C82B6 /* SecondViewController.m in Sources */,
				4AD222631A26ABA4008AEB36 /* HomeScreenVC.m in Sources */,
				4ABB40D71A1C313400512179 /* DoctorCommTVC.m in Sources */,
				4A881F951A2A992B0021D691 /* OlaTBC.m in Sources */,
				4ADB01E71A1FCE1600E55520 /* FoodItemsTVC.m in Sources */,
				4AFF336D1A1F2A410024704A /* DocEmail3UIVC.m in Sources */,
				4A0A80421A1C0C7E001C82B6 /* AppDelegate.m in Sources */,
				4AFF336A1A1F2A260024704A /* DocEmail2UIVC.m in Sources */,
				4A44325F1A1C54DD00D8B70B /* StaticDataTableViewController.m in Sources */,
				4A03965F1A2442EC00E146AE /* EmailTVC.m in Sources */,
				4A0A80451A1C0C7E001C82B6 /* FirstViewController.m in Sources */,
				4A294DD31A22A8AE00CDBAFB /* FoodItem.m in Sources */,
				4AD222601A266C48008AEB36 /* notes.m in Sources */,
				4AAD98F31A1DB834006D7939 /* EmailUIVC.m in Sources */,
				4AAD98F61A1DBCB4006D7939 /* DocEmailUIVC.m in Sources */,
				4A0A803F1A1C0C7E001C82B6 /* main.m in Sources */,
				4A8EEC8F1A2574A200D7325E /* InsulinInjectionVC.m in Sources */,
			);
			runOnlyForDeploymentPostprocessing = 0;
		};
		4A0A80511A1C0C7F001C82B6 /* Sources */ = {
			isa = PBXSourcesBuildPhase;
			buildActionMask = 2147483647;
			files = (
				4A0A805C1A1C0C7F001C82B6 /* OlaTests.m in Sources */,
			);
			runOnlyForDeploymentPostprocessing = 0;
		};
/* End PBXSourcesBuildPhase section */

/* Begin PBXTargetDependency section */
		4A0A80571A1C0C7F001C82B6 /* PBXTargetDependency */ = {
			isa = PBXTargetDependency;
			target = 4A0A80381A1C0C7E001C82B6 /* Ola */;
			targetProxy = 4A0A80561A1C0C7F001C82B6 /* PBXContainerItemProxy */;
		};
/* End PBXTargetDependency section */

/* Begin PBXVariantGroup section */
		4A0A80491A1C0C7E001C82B6 /* Main.storyboard */ = {
			isa = PBXVariantGroup;
			children = (
				4A0A804A1A1C0C7E001C82B6 /* Base */,
			);
			name = Main.storyboard;
			sourceTree = "<group>";
		};
		4A0A804E1A1C0C7F001C82B6 /* LaunchScreen.xib */ = {
			isa = PBXVariantGroup;
			children = (
				4A0A804F1A1C0C7F001C82B6 /* Base */,
			);
			name = LaunchScreen.xib;
			sourceTree = "<group>";
		};
/* End PBXVariantGroup section */

/* Begin XCBuildConfiguration section */
		4A0A805D1A1C0C7F001C82B6 /* Debug */ = {
			isa = XCBuildConfiguration;
			buildSettings = {
				ALWAYS_SEARCH_USER_PATHS = NO;
				CLANG_CXX_LANGUAGE_STANDARD = "gnu++0x";
				CLANG_CXX_LIBRARY = "libc++";
				CLANG_ENABLE_MODULES = YES;
				CLANG_ENABLE_OBJC_ARC = YES;
				CLANG_WARN_BOOL_CONVERSION = YES;
				CLANG_WARN_CONSTANT_CONVERSION = YES;
				CLANG_WARN_DIRECT_OBJC_ISA_USAGE = YES_ERROR;
				CLANG_WARN_EMPTY_BODY = YES;
				CLANG_WARN_ENUM_CONVERSION = YES;
				CLANG_WARN_INT_CONVERSION = YES;
				CLANG_WARN_OBJC_ROOT_CLASS = YES_ERROR;
				CLANG_WARN_UNREACHABLE_CODE = YES;
				CLANG_WARN__DUPLICATE_METHOD_MATCH = YES;
				CODE_SIGN_IDENTITY = "iOS Development: Albert Chen (5NNP64ZMSX)";
				"CODE_SIGN_IDENTITY[sdk=iphoneos*]" = "iOS Development: Albert Chen (5NNP64ZMSX)";
				COPY_PHASE_STRIP = NO;
				ENABLE_STRICT_OBJC_MSGSEND = YES;
				GCC_C_LANGUAGE_STANDARD = gnu99;
				GCC_DYNAMIC_NO_PIC = NO;
				GCC_OPTIMIZATION_LEVEL = 0;
				GCC_PREPROCESSOR_DEFINITIONS = (
					"DEBUG=1",
					"$(inherited)",
				);
				GCC_SYMBOLS_PRIVATE_EXTERN = NO;
				GCC_WARN_64_TO_32_BIT_CONVERSION = YES;
				GCC_WARN_ABOUT_RETURN_TYPE = YES_ERROR;
				GCC_WARN_UNDECLARED_SELECTOR = YES;
				GCC_WARN_UNINITIALIZED_AUTOS = YES_AGGRESSIVE;
				GCC_WARN_UNUSED_FUNCTION = YES;
				GCC_WARN_UNUSED_VARIABLE = YES;
				IPHONEOS_DEPLOYMENT_TARGET = 8.1;
				MTL_ENABLE_DEBUG_INFO = YES;
				ONLY_ACTIVE_ARCH = YES;
				SDKROOT = iphoneos;
			};
			name = Debug;
		};
		4A0A805E1A1C0C7F001C82B6 /* Release */ = {
			isa = XCBuildConfiguration;
			buildSettings = {
				ALWAYS_SEARCH_USER_PATHS = NO;
				CLANG_CXX_LANGUAGE_STANDARD = "gnu++0x";
				CLANG_CXX_LIBRARY = "libc++";
				CLANG_ENABLE_MODULES = YES;
				CLANG_ENABLE_OBJC_ARC = YES;
				CLANG_WARN_BOOL_CONVERSION = YES;
				CLANG_WARN_CONSTANT_CONVERSION = YES;
				CLANG_WARN_DIRECT_OBJC_ISA_USAGE = YES_ERROR;
				CLANG_WARN_EMPTY_BODY = YES;
				CLANG_WARN_ENUM_CONVERSION = YES;
				CLANG_WARN_INT_CONVERSION = YES;
				CLANG_WARN_OBJC_ROOT_CLASS = YES_ERROR;
				CLANG_WARN_UNREACHABLE_CODE = YES;
				CLANG_WARN__DUPLICATE_METHOD_MATCH = YES;
				CODE_SIGN_IDENTITY = "iOS Development: Albert Chen (5NNP64ZMSX)";
				"CODE_SIGN_IDENTITY[sdk=iphoneos*]" = "iOS Development: Albert Chen (5NNP64ZMSX)";
				COPY_PHASE_STRIP = YES;
				ENABLE_NS_ASSERTIONS = NO;
				ENABLE_STRICT_OBJC_MSGSEND = YES;
				GCC_C_LANGUAGE_STANDARD = gnu99;
				GCC_WARN_64_TO_32_BIT_CONVERSION = YES;
				GCC_WARN_ABOUT_RETURN_TYPE = YES_ERROR;
				GCC_WARN_UNDECLARED_SELECTOR = YES;
				GCC_WARN_UNINITIALIZED_AUTOS = YES_AGGRESSIVE;
				GCC_WARN_UNUSED_FUNCTION = YES;
				GCC_WARN_UNUSED_VARIABLE = YES;
				IPHONEOS_DEPLOYMENT_TARGET = 8.1;
				MTL_ENABLE_DEBUG_INFO = NO;
				SDKROOT = iphoneos;
				VALIDATE_PRODUCT = YES;
			};
			name = Release;
		};
		4A0A80601A1C0C7F001C82B6 /* Debug */ = {
			isa = XCBuildConfiguration;
			buildSettings = {
				ASSETCATALOG_COMPILER_APPICON_NAME = AppIcon;
				ASSETCATALOG_COMPILER_LAUNCHIMAGE_NAME = LaunchImage;
				CODE_SIGN_IDENTITY = "iOS Development: Albert Chen (5NNP64ZMSX)";
				"CODE_SIGN_IDENTITY[sdk=iphoneos*]" = "iOS Development: Albert Chen (5NNP64ZMSX)";
				INFOPLIST_FILE = Ola/Info.plist;
				IPHONEOS_DEPLOYMENT_TARGET = 7.0;
				LD_RUNPATH_SEARCH_PATHS = "$(inherited) @executable_path/Frameworks";
				PRODUCT_NAME = "$(TARGET_NAME)";
				PROVISIONING_PROFILE = "00c470b9-c2f9-45da-978c-5a0002725f07";
			};
			name = Debug;
		};
		4A0A80611A1C0C7F001C82B6 /* Release */ = {
			isa = XCBuildConfiguration;
			buildSettings = {
				ASSETCATALOG_COMPILER_APPICON_NAME = AppIcon;
				ASSETCATALOG_COMPILER_LAUNCHIMAGE_NAME = LaunchImage;
				CODE_SIGN_IDENTITY = "iOS Development: Albert Chen (5NNP64ZMSX)";
				"CODE_SIGN_IDENTITY[sdk=iphoneos*]" = "iOS Development: Albert Chen (5NNP64ZMSX)";
				INFOPLIST_FILE = Ola/Info.plist;
				IPHONEOS_DEPLOYMENT_TARGET = 7.0;
				LD_RUNPATH_SEARCH_PATHS = "$(inherited) @executable_path/Frameworks";
				PRODUCT_NAME = "$(TARGET_NAME)";
				PROVISIONING_PROFILE = "00c470b9-c2f9-45da-978c-5a0002725f07";
			};
			name = Release;
		};
		4A0A80631A1C0C7F001C82B6 /* Debug */ = {
			isa = XCBuildConfiguration;
			buildSettings = {
				BUNDLE_LOADER = "$(TEST_HOST)";
				FRAMEWORK_SEARCH_PATHS = (
					"$(SDKROOT)/Developer/Library/Frameworks",
					"$(inherited)",
				);
				GCC_PREPROCESSOR_DEFINITIONS = (
					"DEBUG=1",
					"$(inherited)",
				);
				INFOPLIST_FILE = OlaTests/Info.plist;
				LD_RUNPATH_SEARCH_PATHS = "$(inherited) @executable_path/Frameworks @loader_path/Frameworks";
				PRODUCT_NAME = "$(TARGET_NAME)";
				TEST_HOST = "$(BUILT_PRODUCTS_DIR)/Ola.app/Ola";
			};
			name = Debug;
		};
		4A0A80641A1C0C7F001C82B6 /* Release */ = {
			isa = XCBuildConfiguration;
			buildSettings = {
				BUNDLE_LOADER = "$(TEST_HOST)";
				FRAMEWORK_SEARCH_PATHS = (
					"$(SDKROOT)/Developer/Library/Frameworks",
					"$(inherited)",
				);
				INFOPLIST_FILE = OlaTests/Info.plist;
				LD_RUNPATH_SEARCH_PATHS = "$(inherited) @executable_path/Frameworks @loader_path/Frameworks";
				PRODUCT_NAME = "$(TARGET_NAME)";
				TEST_HOST = "$(BUILT_PRODUCTS_DIR)/Ola.app/Ola";
			};
			name = Release;
		};
/* End XCBuildConfiguration section */

/* Begin XCConfigurationList section */
		4A0A80341A1C0C7E001C82B6 /* Build configuration list for PBXProject "Ola" */ = {
			isa = XCConfigurationList;
			buildConfigurations = (
				4A0A805D1A1C0C7F001C82B6 /* Debug */,
				4A0A805E1A1C0C7F001C82B6 /* Release */,
			);
			defaultConfigurationIsVisible = 0;
			defaultConfigurationName = Release;
		};
		4A0A805F1A1C0C7F001C82B6 /* Build configuration list for PBXNativeTarget "Ola" */ = {
			isa = XCConfigurationList;
			buildConfigurations = (
				4A0A80601A1C0C7F001C82B6 /* Debug */,
				4A0A80611A1C0C7F001C82B6 /* Release */,
			);
			defaultConfigurationIsVisible = 0;
			defaultConfigurationName = Release;
		};
		4A0A80621A1C0C7F001C82B6 /* Build configuration list for PBXNativeTarget "OlaTests" */ = {
			isa = XCConfigurationList;
			buildConfigurations = (
				4A0A80631A1C0C7F001C82B6 /* Debug */,
				4A0A80641A1C0C7F001C82B6 /* Release */,
			);
			defaultConfigurationIsVisible = 0;
			defaultConfigurationName = Release;
		};
/* End XCConfigurationList section */
	};
	rootObject = 4A0A80311A1C0C7E001C82B6 /* Project object */;
}
